
Microsoft Visual Studio Solution File, Format Version 12.00
# Visual Studio 15
VisualStudioVersion = 15.0.26124.0
MinimumVisualStudioVersion = 15.0.26124.0
Project("{2150E333-8FDC-42A3-9474-1A3956D46DE8}") = "src", "src", "{4C4F2A05-21E1-4967-BEAC-A2D75F503E15}"
EndProject
Project("{2150E333-8FDC-42A3-9474-1A3956D46DE8}") = "deployment", "deployment", "{D4657C8D-FB58-449C-9588-79637BEAB60A}"
ProjectSection(SolutionItems) = preProject
	azure-pipelines.yml = azure-pipelines.yml
EndProjectSection
EndProject
Project("{2150E333-8FDC-42A3-9474-1A3956D46DE8}") = "core", "core", "{4863C9F3-5371-4577-B376-8C39F42EA87E}"
EndProject
Project("{FAE04EC0-301F-11D3-BF4B-00C04F79EFBC}") = "Azure.Starter.Core", "src\core\Azure.Starter.Core\Azure.Starter.Core.csproj", "{F0E0864E-D22D-4339-AF02-DE7894798F22}"
EndProject
Project("{2150E333-8FDC-42A3-9474-1A3956D46DE8}") = "web", "web", "{AF5062C5-A911-472B-A016-DCCC0FC6F987}"
EndProject
Project("{FAE04EC0-301F-11D3-BF4B-00C04F79EFBC}") = "Azure.Starter.Web", "src\web\Azure.Starter.Web\Azure.Starter.Web.csproj", "{2BBAB9DF-D5AF-4BBB-B867-E7649A5718A5}"
EndProject
Project("{2150E333-8FDC-42A3-9474-1A3956D46DE8}") = "database", "database", "{F8FB678E-F6B7-4975-9635-F592E8A43B42}"
EndProject
Project("{FAE04EC0-301F-11D3-BF4B-00C04F79EFBC}") = "Azure.Starter.Database", "src\database\Azure.Starter.Database\Azure.Starter.Database.csproj", "{034EC2EF-82DB-4FC2-996F-CDC15E5A0D03}"
EndProject
Project("{2150E333-8FDC-42A3-9474-1A3956D46DE8}") = "scripts", "scripts", "{BB0DCCBE-C098-404E-AD38-3A2FB8AE8E05}"
ProjectSection(SolutionItems) = preProject
	scripts\ef-migration.MD = scripts\ef-migration.MD
	scripts\EfMigrations.ps1 = scripts\EfMigrations.ps1
EndProjectSection
EndProject
Global
	GlobalSection(SolutionConfigurationPlatforms) = preSolution
		Debug|Any CPU = Debug|Any CPU
		Debug|x64 = Debug|x64
		Debug|x86 = Debug|x86
		Release|Any CPU = Release|Any CPU
		Release|x64 = Release|x64
		Release|x86 = Release|x86
	EndGlobalSection
	GlobalSection(SolutionProperties) = preSolution
		HideSolutionNode = FALSE
	EndGlobalSection
	GlobalSection(NestedProjects) = preSolution
		{4863C9F3-5371-4577-B376-8C39F42EA87E} = {4C4F2A05-21E1-4967-BEAC-A2D75F503E15}
		{F0E0864E-D22D-4339-AF02-DE7894798F22} = {4863C9F3-5371-4577-B376-8C39F42EA87E}
		{AF5062C5-A911-472B-A016-DCCC0FC6F987} = {4C4F2A05-21E1-4967-BEAC-A2D75F503E15}
		{2BBAB9DF-D5AF-4BBB-B867-E7649A5718A5} = {AF5062C5-A911-472B-A016-DCCC0FC6F987}
		{F8FB678E-F6B7-4975-9635-F592E8A43B42} = {4C4F2A05-21E1-4967-BEAC-A2D75F503E15}
		{034EC2EF-82DB-4FC2-996F-CDC15E5A0D03} = {F8FB678E-F6B7-4975-9635-F592E8A43B42}
	EndGlobalSection
	GlobalSection(ProjectConfigurationPlatforms) = postSolution
		{F0E0864E-D22D-4339-AF02-DE7894798F22}.Debug|Any CPU.ActiveCfg = Debug|Any CPU
		{F0E0864E-D22D-4339-AF02-DE7894798F22}.Debug|Any CPU.Build.0 = Debug|Any CPU
		{F0E0864E-D22D-4339-AF02-DE7894798F22}.Debug|x64.ActiveCfg = Debug|Any CPU
		{F0E0864E-D22D-4339-AF02-DE7894798F22}.Debug|x64.Build.0 = Debug|Any CPU
		{F0E0864E-D22D-4339-AF02-DE7894798F22}.Debug|x86.ActiveCfg = Debug|Any CPU
		{F0E0864E-D22D-4339-AF02-DE7894798F22}.Debug|x86.Build.0 = Debug|Any CPU
		{F0E0864E-D22D-4339-AF02-DE7894798F22}.Release|Any CPU.ActiveCfg = Release|Any CPU
		{F0E0864E-D22D-4339-AF02-DE7894798F22}.Release|Any CPU.Build.0 = Release|Any CPU
		{F0E0864E-D22D-4339-AF02-DE7894798F22}.Release|x64.ActiveCfg = Release|Any CPU
		{F0E0864E-D22D-4339-AF02-DE7894798F22}.Release|x64.Build.0 = Release|Any CPU
		{F0E0864E-D22D-4339-AF02-DE7894798F22}.Release|x86.ActiveCfg = Release|Any CPU
		{F0E0864E-D22D-4339-AF02-DE7894798F22}.Release|x86.Build.0 = Release|Any CPU
		{2BBAB9DF-D5AF-4BBB-B867-E7649A5718A5}.Debug|Any CPU.ActiveCfg = Debug|Any CPU
		{2BBAB9DF-D5AF-4BBB-B867-E7649A5718A5}.Debug|Any CPU.Build.0 = Debug|Any CPU
		{2BBAB9DF-D5AF-4BBB-B867-E7649A5718A5}.Debug|x64.ActiveCfg = Debug|Any CPU
		{2BBAB9DF-D5AF-4BBB-B867-E7649A5718A5}.Debug|x64.Build.0 = Debug|Any CPU
		{2BBAB9DF-D5AF-4BBB-B867-E7649A5718A5}.Debug|x86.ActiveCfg = Debug|Any CPU
		{2BBAB9DF-D5AF-4BBB-B867-E7649A5718A5}.Debug|x86.Build.0 = Debug|Any CPU
		{2BBAB9DF-D5AF-4BBB-B867-E7649A5718A5}.Release|Any CPU.ActiveCfg = Release|Any CPU
		{2BBAB9DF-D5AF-4BBB-B867-E7649A5718A5}.Release|Any CPU.Build.0 = Release|Any CPU
		{2BBAB9DF-D5AF-4BBB-B867-E7649A5718A5}.Release|x64.ActiveCfg = Release|Any CPU
		{2BBAB9DF-D5AF-4BBB-B867-E7649A5718A5}.Release|x64.Build.0 = Release|Any CPU
		{2BBAB9DF-D5AF-4BBB-B867-E7649A5718A5}.Release|x86.ActiveCfg = Release|Any CPU
		{2BBAB9DF-D5AF-4BBB-B867-E7649A5718A5}.Release|x86.Build.0 = Release|Any CPU
		{034EC2EF-82DB-4FC2-996F-CDC15E5A0D03}.Debug|Any CPU.ActiveCfg = Debug|Any CPU
		{034EC2EF-82DB-4FC2-996F-CDC15E5A0D03}.Debug|Any CPU.Build.0 = Debug|Any CPU
		{034EC2EF-82DB-4FC2-996F-CDC15E5A0D03}.Debug|x64.ActiveCfg = Debug|Any CPU
		{034EC2EF-82DB-4FC2-996F-CDC15E5A0D03}.Debug|x64.Build.0 = Debug|Any CPU
		{034EC2EF-82DB-4FC2-996F-CDC15E5A0D03}.Debug|x86.ActiveCfg = Debug|Any CPU
		{034EC2EF-82DB-4FC2-996F-CDC15E5A0D03}.Debug|x86.Build.0 = Debug|Any CPU
		{034EC2EF-82DB-4FC2-996F-CDC15E5A0D03}.Release|Any CPU.ActiveCfg = Release|Any CPU
		{034EC2EF-82DB-4FC2-996F-CDC15E5A0D03}.Release|Any CPU.Build.0 = Release|Any CPU
		{034EC2EF-82DB-4FC2-996F-CDC15E5A0D03}.Release|x64.ActiveCfg = Release|Any CPU
		{034EC2EF-82DB-4FC2-996F-CDC15E5A0D03}.Release|x64.Build.0 = Release|Any CPU
		{034EC2EF-82DB-4FC2-996F-CDC15E5A0D03}.Release|x86.ActiveCfg = Release|Any CPU
		{034EC2EF-82DB-4FC2-996F-CDC15E5A0D03}.Release|x86.Build.0 = Release|Any CPU
	EndGlobalSection
EndGlobal
